
Microsoft Visual Studio Solution File, Format Version 12.00
# Visual Studio Version 16
VisualStudioVersion = 16.0.30517.126
MinimumVisualStudioVersion = 10.0.40219.1
Project("{FAE04EC0-301F-11D3-BF4B-00C04F79EFBC}") = "DrillConstructions", "DrillConstructions\DrillConstructions.csproj", "{27C45569-1A17-4A9B-8202-84E2B875B49F}"
EndProject
Project("{FAE04EC0-301F-11D3-BF4B-00C04F79EFBC}") = "DesktopAppTestAutomation", "DesktopAppTestAutomation\DesktopAppTestAutomation.csproj", "{1173D5E6-486A-4AA6-9CC7-8F133D27150A}"
EndProject
Global
	GlobalSection(SolutionConfigurationPlatforms) = preSolution
		Debug|Any CPU = Debug|Any CPU
		Release|Any CPU = Release|Any CPU
	EndGlobalSection
	GlobalSection(ProjectConfigurationPlatforms) = postSolution
		{27C45569-1A17-4A9B-8202-84E2B875B49F}.Debug|Any CPU.ActiveCfg = Debug|Any CPU
		{27C45569-1A17-4A9B-8202-84E2B875B49F}.Debug|Any CPU.Build.0 = Debug|Any CPU
		{27C45569-1A17-4A9B-8202-84E2B875B49F}.Release|Any CPU.ActiveCfg = Release|Any CPU
		{27C45569-1A17-4A9B-8202-84E2B875B49F}.Release|Any CPU.Build.0 = Release|Any CPU
		{1173D5E6-486A-4AA6-9CC7-8F133D27150A}.Debug|Any CPU.ActiveCfg = Debug|Any CPU
		{1173D5E6-486A-4AA6-9CC7-8F133D27150A}.Debug|Any CPU.Build.0 = Debug|Any CPU
		{1173D5E6-486A-4AA6-9CC7-8F133D27150A}.Release|Any CPU.ActiveCfg = Release|Any CPU
		{1173D5E6-486A-4AA6-9CC7-8F133D27150A}.Release|Any CPU.Build.0 = Release|Any CPU
	EndGlobalSection
	GlobalSection(SolutionProperties) = preSolution
		HideSolutionNode = FALSE
	EndGlobalSection
	GlobalSection(ExtensibilityGlobals) = postSolution
		SolutionGuid = {81A8D9B2-C368-4E5E-A6EA-FB876B882A33}
	EndGlobalSection
EndGlobal
